
Microsoft Visual Studio Solution File, Format Version 12.00
# Visual Studio 15
VisualStudioVersion = 15.0.28307.539
MinimumVisualStudioVersion = 10.0.40219.1
Project("{FAE04EC0-301F-11D3-BF4B-00C04F79EFBC}") = "TennisKata", "TennisKata\TennisKata.csproj", "{A58A5086-3087-4CF7-8B5F-C53A5060E810}"
EndProject
Global
	GlobalSection(SolutionConfigurationPlatforms) = preSolution
		Debug|Any CPU = Debug|Any CPU
		Release|Any CPU = Release|Any CPU
	EndGlobalSection
	GlobalSection(ProjectConfigurationPlatforms) = postSolution
		{A58A5086-3087-4CF7-8B5F-C53A5060E810}.Debug|Any CPU.ActiveCfg = Debug|Any CPU
		{A58A5086-3087-4CF7-8B5F-C53A5060E810}.Debug|Any CPU.Build.0 = Debug|Any CPU
		{A58A5086-3087-4CF7-8B5F-C53A5060E810}.Release|Any CPU.ActiveCfg = Release|Any CPU
		{A58A5086-3087-4CF7-8B5F-C53A5060E810}.Release|Any CPU.Build.0 = Release|Any CPU
	EndGlobalSection
	GlobalSection(SolutionProperties) = preSolution
		HideSolutionNode = FALSE
	EndGlobalSection
	GlobalSection(ExtensibilityGlobals) = postSolution
		SolutionGuid = {AAC7F561-DF67-4E8B-B428-56318CB18E7E}
	EndGlobalSection
EndGlobal
